
Microsoft Visual Studio Solution File, Format Version 12.00
# Visual Studio Version 17
VisualStudioVersion = 17.14.36109.1 d17.14
MinimumVisualStudioVersion = 10.0.40219.1
Project("{FAE04EC0-301F-11D3-BF4B-00C04F79EFBC}") = "DockerNewPsg", "DockerNewPsg.csproj", "{16D54795-CC4E-4A49-8588-DD36759D388F}"
EndProject
Global
	GlobalSection(SolutionConfigurationPlatforms) = preSolution
		Debug|Any CPU = Debug|Any CPU
		Release|Any CPU = Release|Any CPU
	EndGlobalSection
	GlobalSection(ProjectConfigurationPlatforms) = postSolution
		{16D54795-CC4E-4A49-8588-DD36759D388F}.Debug|Any CPU.ActiveCfg = Debug|Any CPU
		{16D54795-CC4E-4A49-8588-DD36759D388F}.Debug|Any CPU.Build.0 = Debug|Any CPU
		{16D54795-CC4E-4A49-8588-DD36759D388F}.Release|Any CPU.ActiveCfg = Release|Any CPU
		{16D54795-CC4E-4A49-8588-DD36759D388F}.Release|Any CPU.Build.0 = Release|Any CPU
	EndGlobalSection
	GlobalSection(SolutionProperties) = preSolution
		HideSolutionNode = FALSE
	EndGlobalSection
	GlobalSection(ExtensibilityGlobals) = postSolution
		SolutionGuid = {CFC5BC90-0D90-4A4F-9FA1-EFB9E4D81626}
	EndGlobalSection
EndGlobal
